
Microsoft Visual Studio Solution File, Format Version 12.00
# Visual Studio Version 17
VisualStudioVersion = 17.5.33424.131
MinimumVisualStudioVersion = 10.0.40219.1
Project("{FAE04EC0-301F-11D3-BF4B-00C04F79EFBC}") = "Pharoahs Library", "Pharoahs Library.csproj", "{D402D51F-8D0C-494E-81EB-7EF5B05E19FD}"
EndProject
Global
	GlobalSection(SolutionConfigurationPlatforms) = preSolution
		Debug|Any CPU = Debug|Any CPU
		Release|Any CPU = Release|Any CPU
	EndGlobalSection
	GlobalSection(ProjectConfigurationPlatforms) = postSolution
		{D402D51F-8D0C-494E-81EB-7EF5B05E19FD}.Debug|Any CPU.ActiveCfg = Debug|Any CPU
		{D402D51F-8D0C-494E-81EB-7EF5B05E19FD}.Debug|Any CPU.Build.0 = Debug|Any CPU
		{D402D51F-8D0C-494E-81EB-7EF5B05E19FD}.Release|Any CPU.ActiveCfg = Release|Any CPU
		{D402D51F-8D0C-494E-81EB-7EF5B05E19FD}.Release|Any CPU.Build.0 = Release|Any CPU
	EndGlobalSection
	GlobalSection(SolutionProperties) = preSolution
		HideSolutionNode = FALSE
	EndGlobalSection
	GlobalSection(ExtensibilityGlobals) = postSolution
		SolutionGuid = {CC31D431-0944-4439-BF67-3F5087C8A981}
	EndGlobalSection
EndGlobal
